{"bufferline.nvim": {"commit": "028a879"}, "nvim-autopairs": {"commit": "f00eb3b"}, "vim-vsnip": {"commit": "8dde8c0"}, "rooter.nvim": {"commit": "c2c0e51"}, "nvim-colorizer.lua": {"commit": "36c610a"}, "toggleterm.nvim": {"commit": "a54e6c4"}, "telescope-fzf-native.nvim": {"commit": "fab3e22"}, "trailing-whitespace": {"commit": "8dfd19e"}, "telescope-live-grep-args.nvim": {"commit": "7de3bae"}, "cmp-nvim-lsp": {"commit": "5922477"}, "wilder.nvim": {"commit": "679f348"}, "nvim-lspconfig": {"commit": "ed88435"}, "lspkind.nvim": {"commit": "c68b3a0"}, "nvim-neoclip.lua": {"commit": "e112a0b"}, "nvim-comment": {"commit": "e9ac16a"}, "plenary.nvim": {"commit": "1c7e3e6"}, "gitsigns.nvim": {"commit": "addd6e1"}, "cmp-vsnip": {"commit": "989a8a7"}, "indent-blankline.nvim": {"commit": "c4c203c"}, "nvim-web-devicons": {"commit": "6c38926"}, "nvim-cmp": {"commit": "11a9579"}, "nvim-ts-autotag": {"commit": "fdefe46"}, "packer.nvim": {"commit": "1d0cf98"}, "which-key.nvim": {"commit": "e4fa445"}, "tokyonight.nvim": {"commit": "73671f5"}, "nvim-treesitter": {"commit": "d188516"}, "telescope-repo.nvim": {"commit": "9259814"}, "telescope.nvim": {"commit": "b79cd6c"}, "nvim-tree.lua": {"commit": "e322fbb"}, "lualine.nvim": {"commit": "0050b30"}, "nvim-ts-rainbow": {"commit": "ef95c15"}, "cmp-buffer": {"commit": "3022dbc"}}
